
Microsoft Visual Studio Solution File, Format Version 12.00
# Visual Studio 14
VisualStudioVersion = 14.0.25420.1
MinimumVisualStudioVersion = 10.0.40219.1
Project("{FAE04EC0-301F-11D3-BF4B-00C04F79EFBC}") = "WindowsFormsApplication2", "WindowsFormsApplication2\WindowsFormsApplication2.csproj", "{C45B8EB1-A0BD-4062-8AED-114EADAF0EB4}"
EndProject
Project("{FAE04EC0-301F-11D3-BF4B-00C04F79EFBC}") = "UnitTestProject", "UnitTestProject\UnitTestProject.csproj", "{628BFA8E-29DE-4E15-9DD3-40DB54894947}"
EndProject
Project("{FAE04EC0-301F-11D3-BF4B-00C04F79EFBC}") = "TCPclientJudge", "TCPclientJudge\TCPclientJudge.csproj", "{D329DA6F-972C-4DBD-AD0F-4776C3782A4F}"
EndProject
Project("{FAE04EC0-301F-11D3-BF4B-00C04F79EFBC}") = "tcpServerAdmin", "tcpServerAdmin\tcpServerAdmin.csproj", "{A189E801-06D1-4414-9109-0BFD3613418E}"
EndProject
Project("{2150E333-8FDC-42A3-9474-1A3956D46DE8}") = "TCPIP", "TCPIP", "{B5A70F46-43C7-4BA6-9A23-82B89195D6BB}"
EndProject
Global
	GlobalSection(SolutionConfigurationPlatforms) = preSolution
		Debug|Any CPU = Debug|Any CPU
		Release|Any CPU = Release|Any CPU
	EndGlobalSection
	GlobalSection(ProjectConfigurationPlatforms) = postSolution
		{C45B8EB1-A0BD-4062-8AED-114EADAF0EB4}.Debug|Any CPU.ActiveCfg = Debug|Any CPU
		{C45B8EB1-A0BD-4062-8AED-114EADAF0EB4}.Debug|Any CPU.Build.0 = Debug|Any CPU
		{C45B8EB1-A0BD-4062-8AED-114EADAF0EB4}.Release|Any CPU.ActiveCfg = Release|Any CPU
		{C45B8EB1-A0BD-4062-8AED-114EADAF0EB4}.Release|Any CPU.Build.0 = Release|Any CPU
		{628BFA8E-29DE-4E15-9DD3-40DB54894947}.Debug|Any CPU.ActiveCfg = Debug|Any CPU
		{628BFA8E-29DE-4E15-9DD3-40DB54894947}.Debug|Any CPU.Build.0 = Debug|Any CPU
		{628BFA8E-29DE-4E15-9DD3-40DB54894947}.Release|Any CPU.ActiveCfg = Release|Any CPU
		{628BFA8E-29DE-4E15-9DD3-40DB54894947}.Release|Any CPU.Build.0 = Release|Any CPU
		{D329DA6F-972C-4DBD-AD0F-4776C3782A4F}.Debug|Any CPU.ActiveCfg = Debug|Any CPU
		{D329DA6F-972C-4DBD-AD0F-4776C3782A4F}.Debug|Any CPU.Build.0 = Debug|Any CPU
		{D329DA6F-972C-4DBD-AD0F-4776C3782A4F}.Release|Any CPU.ActiveCfg = Release|Any CPU
		{D329DA6F-972C-4DBD-AD0F-4776C3782A4F}.Release|Any CPU.Build.0 = Release|Any CPU
		{A189E801-06D1-4414-9109-0BFD3613418E}.Debug|Any CPU.ActiveCfg = Debug|Any CPU
		{A189E801-06D1-4414-9109-0BFD3613418E}.Debug|Any CPU.Build.0 = Debug|Any CPU
		{A189E801-06D1-4414-9109-0BFD3613418E}.Release|Any CPU.ActiveCfg = Release|Any CPU
		{A189E801-06D1-4414-9109-0BFD3613418E}.Release|Any CPU.Build.0 = Release|Any CPU
	EndGlobalSection
	GlobalSection(SolutionProperties) = preSolution
		HideSolutionNode = FALSE
	EndGlobalSection
	GlobalSection(NestedProjects) = preSolution
		{D329DA6F-972C-4DBD-AD0F-4776C3782A4F} = {B5A70F46-43C7-4BA6-9A23-82B89195D6BB}
		{A189E801-06D1-4414-9109-0BFD3613418E} = {B5A70F46-43C7-4BA6-9A23-82B89195D6BB}
	EndGlobalSection
EndGlobal
